{
  "name": "@bloc-js/react-bloc",
  "version": "1.1.4",
  "lockfileVersion": 1,
  "requires": true,
  "dependencies": {
    "@bloc-js/bloc": {
      "version": "file:../bloc",
      "dev": true,
      "requires": {
        "fast-equals": "^2.0.0",
        "rxjs": "^6.5.2"
      },
      "dependencies": {
        "fast-equals": {
          "version": "2.0.0",
          "bundled": true,
          "dev": true
        },
        "rxjs": {
          "version": "6.5.2",
          "bundled": true,
          "dev": true,
          "requires": {
            "tslib": "^1.9.0"
          }
        },
        "tslib": {
          "version": "1.9.3",
          "bundled": true,
          "dev": true
        }
      }
    },
    "@types/prop-types": {
      "version": "15.7.1",
      "resolved": "https://registry.npmjs.org/@types/prop-types/-/prop-types-15.7.1.tgz",
      "integrity": "sha512-CFzn9idOEpHrgdw8JsoTkaDDyRWk1jrzIV8djzcgpq0y9tG4B4lFT+Nxh52DVpDXV+n4+NPNv7M1Dj5uMp6XFg==",
      "dev": true
    },
    "@types/react": {
      "version": "16.8.18",
      "resolved": "https://registry.npmjs.org/@types/react/-/react-16.8.18.tgz",
      "integrity": "sha512-lUXdKzRqWR4FebR5tGHkLCqnvQJS4fdXKCBrNGGbglqZg2gpU+J82pMONevQODUotATs9fc9k66bx3/St8vReg==",
      "dev": true,
      "requires": {
        "@types/prop-types": "*",
        "csstype": "^2.2.0"
      }
    },
    "csstype": {
      "version": "2.6.4",
      "resolved": "https://registry.npmjs.org/csstype/-/csstype-2.6.4.tgz",
      "integrity": "sha512-lAJUJP3M6HxFXbqtGRc0iZrdyeN+WzOWeY0q/VnFzI+kqVrYIzC7bWlKqCW7oCIdzoPkvfp82EVvrTlQ8zsWQg==",
      "dev": true
    }
  }
}
