{
  "name": "react-bloc",
  "version": "1.0.0",
  "lockfileVersion": 1,
  "requires": true,
  "dependencies": {
    "@bloc-js/bloc": {
      "version": "1.0.2",
      "resolved": "https://registry.npmjs.org/@bloc-js/bloc/-/bloc-1.0.2.tgz",
      "integrity": "sha512-HgAUlRhYJpvTk71T3adWt4KwJ8fKun3RzT1etBYKNJTk05CXUVrLxuUHu7OA2DDflYTO4ZNzPL4Tau2TFAF4Uw==",
      "requires": {
        "fast-deep-equal": "^2.0.1",
        "rxjs": "^6.5.2"
      }
    },
    "@types/prop-types": {
      "version": "15.7.1",
      "resolved": "https://registry.npmjs.org/@types/prop-types/-/prop-types-15.7.1.tgz",
      "integrity": "sha512-CFzn9idOEpHrgdw8JsoTkaDDyRWk1jrzIV8djzcgpq0y9tG4B4lFT+Nxh52DVpDXV+n4+NPNv7M1Dj5uMp6XFg==",
      "dev": true
    },
    "@types/react": {
      "version": "16.8.18",
      "resolved": "https://registry.npmjs.org/@types/react/-/react-16.8.18.tgz",
      "integrity": "sha512-lUXdKzRqWR4FebR5tGHkLCqnvQJS4fdXKCBrNGGbglqZg2gpU+J82pMONevQODUotATs9fc9k66bx3/St8vReg==",
      "dev": true,
      "requires": {
        "@types/prop-types": "*",
        "csstype": "^2.2.0"
      }
    },
    "csstype": {
      "version": "2.6.4",
      "resolved": "https://registry.npmjs.org/csstype/-/csstype-2.6.4.tgz",
      "integrity": "sha512-lAJUJP3M6HxFXbqtGRc0iZrdyeN+WzOWeY0q/VnFzI+kqVrYIzC7bWlKqCW7oCIdzoPkvfp82EVvrTlQ8zsWQg==",
      "dev": true
    },
    "fast-deep-equal": {
      "version": "2.0.1",
      "resolved": "https://registry.npmjs.org/fast-deep-equal/-/fast-deep-equal-2.0.1.tgz",
      "integrity": "sha1-ewUhjd+WZ79/Nwv3/bLLFf3Qqkk="
    },
    "rxjs": {
      "version": "6.5.2",
      "resolved": "https://registry.npmjs.org/rxjs/-/rxjs-6.5.2.tgz",
      "integrity": "sha512-HUb7j3kvb7p7eCUHE3FqjoDsC1xfZQ4AHFWfTKSpZ+sAhhz5X1WX0ZuUqWbzB2QhSLp3DoLUG+hMdEDKqWo2Zg==",
      "requires": {
        "tslib": "^1.9.0"
      }
    },
    "tslib": {
      "version": "1.9.3",
      "resolved": "https://registry.npmjs.org/tslib/-/tslib-1.9.3.tgz",
      "integrity": "sha512-4krF8scpejhaOgqzBEcGM7yDIEfi0/8+8zDRZhNZZ2kjmHJ4hv3zCbQWxoJGz1iw5U0Jl0nma13xzHXcncMavQ=="
    }
  }
}
